
Microsoft Visual Studio Solution File, Format Version 11.00
# Visual Studio 2010
Project("{FAE04EC0-301F-11D3-BF4B-00C04F79EFBC}") = "Assembly-CSharp", "Assembly-CSharp.csproj", "{fc2fb659-1d0b-d060-fb1e-d5e032d68a9b}"
EndProject
Project("{FAE04EC0-301F-11D3-BF4B-00C04F79EFBC}") = "Assembly-CSharp-Editor", "Assembly-CSharp-Editor.csproj", "{b87e114f-9fc9-db7b-c3c6-8f8a68289373}"
EndProject
Global
	GlobalSection(SolutionConfigurationPlatforms) = preSolution
		Debug|Any CPU = Debug|Any CPU
	EndGlobalSection
	GlobalSection(ProjectConfigurationPlatforms) = postSolution
		{fc2fb659-1d0b-d060-fb1e-d5e032d68a9b}.Debug|Any CPU.ActiveCfg = Debug|Any CPU
		{fc2fb659-1d0b-d060-fb1e-d5e032d68a9b}.Debug|Any CPU.Build.0 = Debug|Any CPU
		{b87e114f-9fc9-db7b-c3c6-8f8a68289373}.Debug|Any CPU.ActiveCfg = Debug|Any CPU
		{b87e114f-9fc9-db7b-c3c6-8f8a68289373}.Debug|Any CPU.Build.0 = Debug|Any CPU
	EndGlobalSection
	GlobalSection(SolutionProperties) = preSolution
		HideSolutionNode = FALSE
	EndGlobalSection
EndGlobal
